
Microsoft Visual Studio Solution File, Format Version 12.00
# Visual Studio Version 17
VisualStudioVersion = 17.3.32819.101
MinimumVisualStudioVersion = 10.0.40219.1
Project("{FAE04EC0-301F-11D3-BF4B-00C04F79EFBC}") = "FeaturesOverlayPresentation", "FeaturesOverlayPresentation\FeaturesOverlayPresentation.csproj", "{BBAA9909-6128-4712-BCA8-610333A8F89C}"
EndProject
Project("{FAE04EC0-301F-11D3-BF4B-00C04F79EFBC}") = "ConstantsDLL", "..\Dependencies\ConstantsDLL\ConstantsDLL.csproj", "{B26141C5-C9A5-4729-9300-62C9AF4777B0}"
EndProject
Project("{FAE04EC0-301F-11D3-BF4B-00C04F79EFBC}") = "JsonFileReaderDLL", "..\Dependencies\JsonFileReaderDLL\JsonFileReaderDLL.csproj", "{A325C892-1FFE-4102-BD42-E8F299AF2710}"
EndProject
Project("{FAE04EC0-301F-11D3-BF4B-00C04F79EFBC}") = "LogGeneratorDLL", "..\Dependencies\LogGeneratorDLL\LogGeneratorDLL.csproj", "{B1C36277-8EC3-4CD8-BFBB-6A48F0C703A0}"
EndProject
Global
	GlobalSection(SolutionConfigurationPlatforms) = preSolution
		Debug|Any CPU = Debug|Any CPU
		Release|Any CPU = Release|Any CPU
	EndGlobalSection
	GlobalSection(ProjectConfigurationPlatforms) = postSolution
		{BBAA9909-6128-4712-BCA8-610333A8F89C}.Debug|Any CPU.ActiveCfg = Debug|Any CPU
		{BBAA9909-6128-4712-BCA8-610333A8F89C}.Debug|Any CPU.Build.0 = Debug|Any CPU
		{BBAA9909-6128-4712-BCA8-610333A8F89C}.Release|Any CPU.ActiveCfg = Release|Any CPU
		{BBAA9909-6128-4712-BCA8-610333A8F89C}.Release|Any CPU.Build.0 = Release|Any CPU
		{B26141C5-C9A5-4729-9300-62C9AF4777B0}.Debug|Any CPU.ActiveCfg = Debug|Any CPU
		{B26141C5-C9A5-4729-9300-62C9AF4777B0}.Debug|Any CPU.Build.0 = Debug|Any CPU
		{B26141C5-C9A5-4729-9300-62C9AF4777B0}.Release|Any CPU.ActiveCfg = Release|Any CPU
		{B26141C5-C9A5-4729-9300-62C9AF4777B0}.Release|Any CPU.Build.0 = Release|Any CPU
		{A325C892-1FFE-4102-BD42-E8F299AF2710}.Debug|Any CPU.ActiveCfg = Debug|Any CPU
		{A325C892-1FFE-4102-BD42-E8F299AF2710}.Debug|Any CPU.Build.0 = Debug|Any CPU
		{A325C892-1FFE-4102-BD42-E8F299AF2710}.Release|Any CPU.ActiveCfg = Release|Any CPU
		{A325C892-1FFE-4102-BD42-E8F299AF2710}.Release|Any CPU.Build.0 = Release|Any CPU
		{B1C36277-8EC3-4CD8-BFBB-6A48F0C703A0}.Debug|Any CPU.ActiveCfg = Debug|Any CPU
		{B1C36277-8EC3-4CD8-BFBB-6A48F0C703A0}.Debug|Any CPU.Build.0 = Debug|Any CPU
		{B1C36277-8EC3-4CD8-BFBB-6A48F0C703A0}.Release|Any CPU.ActiveCfg = Release|Any CPU
		{B1C36277-8EC3-4CD8-BFBB-6A48F0C703A0}.Release|Any CPU.Build.0 = Release|Any CPU
	EndGlobalSection
	GlobalSection(SolutionProperties) = preSolution
		HideSolutionNode = FALSE
	EndGlobalSection
	GlobalSection(ExtensibilityGlobals) = postSolution
		SolutionGuid = {2483C5A6-9FDC-4433-B205-44F6DB1F3C83}
	EndGlobalSection
EndGlobal
